
Microsoft Visual Studio Solution File, Format Version 12.00
# Visual Studio Express 15 for Windows Desktop
VisualStudioVersion = 15.0.25807.0
MinimumVisualStudioVersion = 10.0.40219.1
Project("{2150E333-8FDC-42A3-9474-1A3956D46DE8}") = "Engine", "Engine", "{496DC7F4-4014-44E9-828E-EF200BA800DD}"
EndProject
Project("{2150E333-8FDC-42A3-9474-1A3956D46DE8}") = "Games", "Games", "{96C5C35A-D50B-48BF-8F5F-017E3E6A7B9B}"
EndProject
Project("{8BC9CEB8-8B4A-11D0-8D11-00A0C91BC942}") = "UE4", "Intermediate\ProjectFiles\UE4.vcxproj", "{12F14F91-4E18-47A2-97DF-326CE646DECE}"
EndProject
Project("{8BC9CEB8-8B4A-11D0-8D11-00A0C91BC942}") = "Boids", "Intermediate\ProjectFiles\Boids.vcxproj", "{88743F01-C7C2-4A8C-989B-4F35656181CB}"
EndProject
Global
	GlobalSection(SolutionConfigurationPlatforms) = preSolution
		DebugGame Editor|HTML5 = DebugGame Editor|HTML5
		DebugGame Editor|Win32 = DebugGame Editor|Win32
		DebugGame Editor|Win64 = DebugGame Editor|Win64
		DebugGame|HTML5 = DebugGame|HTML5
		DebugGame|Win32 = DebugGame|Win32
		DebugGame|Win64 = DebugGame|Win64
		Development Editor|HTML5 = Development Editor|HTML5
		Development Editor|Win32 = Development Editor|Win32
		Development Editor|Win64 = Development Editor|Win64
		Development|HTML5 = Development|HTML5
		Development|Win32 = Development|Win32
		Development|Win64 = Development|Win64
		Shipping|HTML5 = Shipping|HTML5
		Shipping|Win32 = Shipping|Win32
		Shipping|Win64 = Shipping|Win64
	EndGlobalSection
	GlobalSection(ProjectConfigurationPlatforms) = postSolution
		{12F14F91-4E18-47A2-97DF-326CE646DECE}.DebugGame Editor|HTML5.ActiveCfg = BuiltWithUnrealBuildTool|Win32
		{12F14F91-4E18-47A2-97DF-326CE646DECE}.DebugGame Editor|HTML5.Build.0 = BuiltWithUnrealBuildTool|Win32
		{12F14F91-4E18-47A2-97DF-326CE646DECE}.DebugGame Editor|Win32.ActiveCfg = BuiltWithUnrealBuildTool|Win32
		{12F14F91-4E18-47A2-97DF-326CE646DECE}.DebugGame Editor|Win32.Build.0 = BuiltWithUnrealBuildTool|Win32
		{12F14F91-4E18-47A2-97DF-326CE646DECE}.DebugGame Editor|Win64.ActiveCfg = BuiltWithUnrealBuildTool|Win32
		{12F14F91-4E18-47A2-97DF-326CE646DECE}.DebugGame Editor|Win64.Build.0 = BuiltWithUnrealBuildTool|Win32
		{12F14F91-4E18-47A2-97DF-326CE646DECE}.DebugGame|HTML5.ActiveCfg = BuiltWithUnrealBuildTool|Win32
		{12F14F91-4E18-47A2-97DF-326CE646DECE}.DebugGame|HTML5.Build.0 = BuiltWithUnrealBuildTool|Win32
		{12F14F91-4E18-47A2-97DF-326CE646DECE}.DebugGame|Win32.ActiveCfg = BuiltWithUnrealBuildTool|Win32
		{12F14F91-4E18-47A2-97DF-326CE646DECE}.DebugGame|Win32.Build.0 = BuiltWithUnrealBuildTool|Win32
		{12F14F91-4E18-47A2-97DF-326CE646DECE}.DebugGame|Win64.ActiveCfg = BuiltWithUnrealBuildTool|Win32
		{12F14F91-4E18-47A2-97DF-326CE646DECE}.DebugGame|Win64.Build.0 = BuiltWithUnrealBuildTool|Win32
		{12F14F91-4E18-47A2-97DF-326CE646DECE}.Development Editor|HTML5.ActiveCfg = BuiltWithUnrealBuildTool|Win32
		{12F14F91-4E18-47A2-97DF-326CE646DECE}.Development Editor|HTML5.Build.0 = BuiltWithUnrealBuildTool|Win32
		{12F14F91-4E18-47A2-97DF-326CE646DECE}.Development Editor|Win32.ActiveCfg = BuiltWithUnrealBuildTool|Win32
		{12F14F91-4E18-47A2-97DF-326CE646DECE}.Development Editor|Win32.Build.0 = BuiltWithUnrealBuildTool|Win32
		{12F14F91-4E18-47A2-97DF-326CE646DECE}.Development Editor|Win64.ActiveCfg = BuiltWithUnrealBuildTool|Win32
		{12F14F91-4E18-47A2-97DF-326CE646DECE}.Development Editor|Win64.Build.0 = BuiltWithUnrealBuildTool|Win32
		{12F14F91-4E18-47A2-97DF-326CE646DECE}.Development|HTML5.ActiveCfg = BuiltWithUnrealBuildTool|Win32
		{12F14F91-4E18-47A2-97DF-326CE646DECE}.Development|HTML5.Build.0 = BuiltWithUnrealBuildTool|Win32
		{12F14F91-4E18-47A2-97DF-326CE646DECE}.Development|Win32.ActiveCfg = BuiltWithUnrealBuildTool|Win32
		{12F14F91-4E18-47A2-97DF-326CE646DECE}.Development|Win32.Build.0 = BuiltWithUnrealBuildTool|Win32
		{12F14F91-4E18-47A2-97DF-326CE646DECE}.Development|Win64.ActiveCfg = BuiltWithUnrealBuildTool|Win32
		{12F14F91-4E18-47A2-97DF-326CE646DECE}.Development|Win64.Build.0 = BuiltWithUnrealBuildTool|Win32
		{12F14F91-4E18-47A2-97DF-326CE646DECE}.Shipping|HTML5.ActiveCfg = BuiltWithUnrealBuildTool|Win32
		{12F14F91-4E18-47A2-97DF-326CE646DECE}.Shipping|HTML5.Build.0 = BuiltWithUnrealBuildTool|Win32
		{12F14F91-4E18-47A2-97DF-326CE646DECE}.Shipping|Win32.ActiveCfg = BuiltWithUnrealBuildTool|Win32
		{12F14F91-4E18-47A2-97DF-326CE646DECE}.Shipping|Win32.Build.0 = BuiltWithUnrealBuildTool|Win32
		{12F14F91-4E18-47A2-97DF-326CE646DECE}.Shipping|Win64.ActiveCfg = BuiltWithUnrealBuildTool|Win32
		{12F14F91-4E18-47A2-97DF-326CE646DECE}.Shipping|Win64.Build.0 = BuiltWithUnrealBuildTool|Win32
		{88743F01-C7C2-4A8C-989B-4F35656181CB}.DebugGame Editor|HTML5.ActiveCfg = HTML5_DebugGame_Editor|Win32
		{88743F01-C7C2-4A8C-989B-4F35656181CB}.DebugGame Editor|Win32.ActiveCfg = DebugGame_Editor|Win32
		{88743F01-C7C2-4A8C-989B-4F35656181CB}.DebugGame Editor|Win64.ActiveCfg = DebugGame_Editor|x64
		{88743F01-C7C2-4A8C-989B-4F35656181CB}.DebugGame Editor|Win64.Build.0 = DebugGame_Editor|x64
		{88743F01-C7C2-4A8C-989B-4F35656181CB}.DebugGame|HTML5.ActiveCfg = HTML5_DebugGame_Game|Win32
		{88743F01-C7C2-4A8C-989B-4F35656181CB}.DebugGame|HTML5.Build.0 = HTML5_DebugGame_Game|Win32
		{88743F01-C7C2-4A8C-989B-4F35656181CB}.DebugGame|Win32.ActiveCfg = DebugGame_Game|Win32
		{88743F01-C7C2-4A8C-989B-4F35656181CB}.DebugGame|Win32.Build.0 = DebugGame_Game|Win32
		{88743F01-C7C2-4A8C-989B-4F35656181CB}.DebugGame|Win64.ActiveCfg = DebugGame_Game|x64
		{88743F01-C7C2-4A8C-989B-4F35656181CB}.DebugGame|Win64.Build.0 = DebugGame_Game|x64
		{88743F01-C7C2-4A8C-989B-4F35656181CB}.Development Editor|HTML5.ActiveCfg = HTML5_Development_Editor|Win32
		{88743F01-C7C2-4A8C-989B-4F35656181CB}.Development Editor|Win32.ActiveCfg = Development_Editor|Win32
		{88743F01-C7C2-4A8C-989B-4F35656181CB}.Development Editor|Win64.ActiveCfg = Development_Editor|x64
		{88743F01-C7C2-4A8C-989B-4F35656181CB}.Development Editor|Win64.Build.0 = Development_Editor|x64
		{88743F01-C7C2-4A8C-989B-4F35656181CB}.Development|HTML5.ActiveCfg = HTML5_Development_Game|Win32
		{88743F01-C7C2-4A8C-989B-4F35656181CB}.Development|HTML5.Build.0 = HTML5_Development_Game|Win32
		{88743F01-C7C2-4A8C-989B-4F35656181CB}.Development|Win32.ActiveCfg = Development_Game|Win32
		{88743F01-C7C2-4A8C-989B-4F35656181CB}.Development|Win32.Build.0 = Development_Game|Win32
		{88743F01-C7C2-4A8C-989B-4F35656181CB}.Development|Win64.ActiveCfg = Development_Game|x64
		{88743F01-C7C2-4A8C-989B-4F35656181CB}.Development|Win64.Build.0 = Development_Game|x64
		{88743F01-C7C2-4A8C-989B-4F35656181CB}.Shipping|HTML5.ActiveCfg = HTML5_Shipping_Game|Win32
		{88743F01-C7C2-4A8C-989B-4F35656181CB}.Shipping|HTML5.Build.0 = HTML5_Shipping_Game|Win32
		{88743F01-C7C2-4A8C-989B-4F35656181CB}.Shipping|Win32.ActiveCfg = Shipping_Game|Win32
		{88743F01-C7C2-4A8C-989B-4F35656181CB}.Shipping|Win32.Build.0 = Shipping_Game|Win32
		{88743F01-C7C2-4A8C-989B-4F35656181CB}.Shipping|Win64.ActiveCfg = Shipping_Game|x64
		{88743F01-C7C2-4A8C-989B-4F35656181CB}.Shipping|Win64.Build.0 = Shipping_Game|x64
	EndGlobalSection
	GlobalSection(SolutionProperties) = preSolution
		HideSolutionNode = FALSE
	EndGlobalSection
	GlobalSection(NestedProjects) = preSolution
		{12F14F91-4E18-47A2-97DF-326CE646DECE} = {496DC7F4-4014-44E9-828E-EF200BA800DD}
		{88743F01-C7C2-4A8C-989B-4F35656181CB} = {96C5C35A-D50B-48BF-8F5F-017E3E6A7B9B}
	EndGlobalSection
	GlobalSection(ExtensibilityGlobals) = postSolution
		SolutionGuid = {AAB057B7-EDC1-4AC1-B637-C5A3EB9424D6}
	EndGlobalSection
EndGlobal
